
Microsoft Visual Studio Solution File, Format Version 12.00
# Visual Studio 14
VisualStudioVersion = 14.0.23103.0
MinimumVisualStudioVersion = 10.0.40219.1
Project("{FAE04EC0-301F-11D3-BF4B-00C04F79EFBC}") = "NpmTaskRunner", "src\NpmTaskRunner.csproj", "{5BB616A3-0392-421C-9D49-683EB5211159}"
EndProject
Project("{2150E333-8FDC-42A3-9474-1A3956D46DE8}") = "Solution Items", "Solution Items", "{4E0BBF9F-75C7-4BC1-8B08-A7928832D08B}"
	ProjectSection(SolutionItems) = preProject
		.gitignore = .gitignore
		appveyor.yml = appveyor.yml
		README.md = README.md
	EndProjectSection
EndProject
Global
	GlobalSection(SolutionConfigurationPlatforms) = preSolution
		Debug|Any CPU = Debug|Any CPU
		Release|Any CPU = Release|Any CPU
	EndGlobalSection
	GlobalSection(ProjectConfigurationPlatforms) = postSolution
		{5BB616A3-0392-421C-9D49-683EB5211159}.Debug|Any CPU.ActiveCfg = Debug|Any CPU
		{5BB616A3-0392-421C-9D49-683EB5211159}.Debug|Any CPU.Build.0 = Debug|Any CPU
		{5BB616A3-0392-421C-9D49-683EB5211159}.Release|Any CPU.ActiveCfg = Release|Any CPU
		{5BB616A3-0392-421C-9D49-683EB5211159}.Release|Any CPU.Build.0 = Release|Any CPU
	EndGlobalSection
	GlobalSection(SolutionProperties) = preSolution
		HideSolutionNode = FALSE
	EndGlobalSection
EndGlobal
